// !$*UTF8*$!
{
	archiveVersion = 1;
	classes = {
	};
	objectVersion = 50;
	objects = {

/* Begin PBXBuildFile section */
		2405628024CED14B0049236F /* GitHubManagerTests.swift in Sources */ = {isa = PBXBuildFile; fileRef = 2405627F24CED14B0049236F /* GitHubManagerTests.swift */; };
		2405628324CF2A070049236F /* UserProfileViewController.swift in Sources */ = {isa = PBXBuildFile; fileRef = 2405628224CF2A070049236F /* UserProfileViewController.swift */; };
		2405628524CF45180049236F /* UserProfileViewModel.swift in Sources */ = {isa = PBXBuildFile; fileRef = 2405628424CF45180049236F /* UserProfileViewModel.swift */; };
		2413F32F24BF5E080004A856 /* AppFlowViewController.swift in Sources */ = {isa = PBXBuildFile; fileRef = 2413F32E24BF5E080004A856 /* AppFlowViewController.swift */; };
		2413F33424BF5E700004A856 /* UIViewController+Child.swift in Sources */ = {isa = PBXBuildFile; fileRef = 2413F33324BF5E700004A856 /* UIViewController+Child.swift */; };
		2413F33624BF631E0004A856 /* README.md in Resources */ = {isa = PBXBuildFile; fileRef = 2413F33524BF631E0004A856 /* README.md */; };
		2413F33C24BF78A10004A856 /* SearchViewController.swift in Sources */ = {isa = PBXBuildFile; fileRef = 2413F33B24BF78A10004A856 /* SearchViewController.swift */; };
		2413F33E24BF78B40004A856 /* FavoritesViewController.swift in Sources */ = {isa = PBXBuildFile; fileRef = 2413F33D24BF78B40004A856 /* FavoritesViewController.swift */; };
		242E8CA524D04BEB004DBDFC /* ProfileView.swift in Sources */ = {isa = PBXBuildFile; fileRef = 242E8CA424D04BEB004DBDFC /* ProfileView.swift */; };
		242E8CA724D05204004DBDFC /* GitHubCardView.swift in Sources */ = {isa = PBXBuildFile; fileRef = 242E8CA624D05204004DBDFC /* GitHubCardView.swift */; };
		242E8CA924D05230004DBDFC /* FollowersCardView.swift in Sources */ = {isa = PBXBuildFile; fileRef = 242E8CA824D05230004DBDFC /* FollowersCardView.swift */; };
		242E8CAB24D092F9004DBDFC /* ProfileViewModel.swift in Sources */ = {isa = PBXBuildFile; fileRef = 242E8CAA24D092F9004DBDFC /* ProfileViewModel.swift */; };
		244E679A24D2BE57009FF2E1 /* CardView.swift in Sources */ = {isa = PBXBuildFile; fileRef = 244E679924D2BE57009FF2E1 /* CardView.swift */; };
		244E679C24D344EF009FF2E1 /* GitHubCardViewModel.swift in Sources */ = {isa = PBXBuildFile; fileRef = 244E679B24D344EF009FF2E1 /* GitHubCardViewModel.swift */; };
		244E679E24D34D57009FF2E1 /* FollowersCardViewModel.swift in Sources */ = {isa = PBXBuildFile; fileRef = 244E679D24D34D57009FF2E1 /* FollowersCardViewModel.swift */; };
		2463AD6824D17FD300DED93A /* ItemInfoView.swift in Sources */ = {isa = PBXBuildFile; fileRef = 2463AD6724D17FD300DED93A /* ItemInfoView.swift */; };
		246515DD24C4498800EA37AA /* GitHubServiceTests.swift in Sources */ = {isa = PBXBuildFile; fileRef = 246515DC24C4498800EA37AA /* GitHubServiceTests.swift */; };
		2466F5F924D373A600A09003 /* AppStyle.swift in Sources */ = {isa = PBXBuildFile; fileRef = 2466F5F824D373A600A09003 /* AppStyle.swift */; };
		246BA67424C750F400F1DD08 /* SearchViewModel.swift in Sources */ = {isa = PBXBuildFile; fileRef = 246BA67324C750F400F1DD08 /* SearchViewModel.swift */; };
		246BA67624C7525700F1DD08 /* SearchViewModelTests.swift in Sources */ = {isa = PBXBuildFile; fileRef = 246BA67524C7525700F1DD08 /* SearchViewModelTests.swift */; };
		246BA67824C7639300F1DD08 /* UIViewController+Ext.swift in Sources */ = {isa = PBXBuildFile; fileRef = 246BA67724C7639300F1DD08 /* UIViewController+Ext.swift */; };
		246BA67B24C763CE00F1DD08 /* UIView+Ext.swift in Sources */ = {isa = PBXBuildFile; fileRef = 246BA67A24C763CE00F1DD08 /* UIView+Ext.swift */; };
		246BA67D24C763FB00F1DD08 /* Constants.swift in Sources */ = {isa = PBXBuildFile; fileRef = 246BA67C24C763FB00F1DD08 /* Constants.swift */; };
		247485BA24BC787100D6A625 /* CompositionRoot.swift in Sources */ = {isa = PBXBuildFile; fileRef = 247485B924BC787100D6A625 /* CompositionRoot.swift */; };
		2477D1BF24D40E2B0025B73C /* FunctionalComposition.swift in Sources */ = {isa = PBXBuildFile; fileRef = 2477D1BE24D40E2B0025B73C /* FunctionalComposition.swift */; };
		24780EE624C497CB0015AADB /* GitHubManager.swift in Sources */ = {isa = PBXBuildFile; fileRef = 24780EE524C497CB0015AADB /* GitHubManager.swift */; };
		2481E68A24BB7DB100633A31 /* AppDelegate.swift in Sources */ = {isa = PBXBuildFile; fileRef = 2481E68924BB7DB100633A31 /* AppDelegate.swift */; };
		2481E68C24BB7DB100633A31 /* SceneDelegate.swift in Sources */ = {isa = PBXBuildFile; fileRef = 2481E68B24BB7DB100633A31 /* SceneDelegate.swift */; };
		2481E68E24BB7DB100633A31 /* ViewController.swift in Sources */ = {isa = PBXBuildFile; fileRef = 2481E68D24BB7DB100633A31 /* ViewController.swift */; };
		2481E69324BB7DB500633A31 /* Assets.xcassets in Resources */ = {isa = PBXBuildFile; fileRef = 2481E69224BB7DB500633A31 /* Assets.xcassets */; };
		2481E69624BB7DB500633A31 /* LaunchScreen.storyboard in Resources */ = {isa = PBXBuildFile; fileRef = 2481E69424BB7DB500633A31 /* LaunchScreen.storyboard */; };
		2481E6A124BB7DB600633A31 /* GitHubFollowersTests.swift in Sources */ = {isa = PBXBuildFile; fileRef = 2481E6A024BB7DB600633A31 /* GitHubFollowersTests.swift */; };
		248688D424CF72B500AA1007 /* MockedNetworking.swift in Sources */ = {isa = PBXBuildFile; fileRef = 248688D324CF72B500AA1007 /* MockedNetworking.swift */; };
		248715FA24C7881200366726 /* CustomTextField.swift in Sources */ = {isa = PBXBuildFile; fileRef = 248715F924C7881200366726 /* CustomTextField.swift */; };
		248715FD24C78B8500366726 /* CustomButton.swift in Sources */ = {isa = PBXBuildFile; fileRef = 248715FC24C78B8500366726 /* CustomButton.swift */; };
		2487160024C7954900366726 /* UITableView+Ext.swift in Sources */ = {isa = PBXBuildFile; fileRef = 248715FF24C7954900366726 /* UITableView+Ext.swift */; };
		248AB84524CD8D6300FF2A7B /* UIImageView+Ext.swift in Sources */ = {isa = PBXBuildFile; fileRef = 248AB84424CD8D6300FF2A7B /* UIImageView+Ext.swift */; };
		248AB84824CD92E800FF2A7B /* CachedImageView.swift in Sources */ = {isa = PBXBuildFile; fileRef = 248AB84724CD92E800FF2A7B /* CachedImageView.swift */; };
		24958D3D24CB0131000B9786 /* CollectionViewHelper.swift in Sources */ = {isa = PBXBuildFile; fileRef = 24958D3C24CB0131000B9786 /* CollectionViewHelper.swift */; };
		24958D4024CB028E000B9786 /* FollowerCell.swift in Sources */ = {isa = PBXBuildFile; fileRef = 24958D3F24CB028E000B9786 /* FollowerCell.swift */; };
		249A9D1B24D0D58A00993163 /* FollowersViewModelTests.swift in Sources */ = {isa = PBXBuildFile; fileRef = 249A9D1A24D0D58A00993163 /* FollowersViewModelTests.swift */; };
		24CE98E724D84190006BA7B7 /* UICollectionView+Ext.swift in Sources */ = {isa = PBXBuildFile; fileRef = 24CE98E624D84190006BA7B7 /* UICollectionView+Ext.swift */; };
		24CE98E924D858BB006BA7B7 /* UserProfileViewModelTests.swift in Sources */ = {isa = PBXBuildFile; fileRef = 24CE98E824D858BB006BA7B7 /* UserProfileViewModelTests.swift */; };
		24D3D98E24D9C03B00570EA6 /* Date+Ext.swift in Sources */ = {isa = PBXBuildFile; fileRef = 24D3D98D24D9C03B00570EA6 /* Date+Ext.swift */; };
		24E7DF8224C8270E005953A5 /* FollowersViewController.swift in Sources */ = {isa = PBXBuildFile; fileRef = 24E7DF8124C8270E005953A5 /* FollowersViewController.swift */; };
		24E7DF8424C849A8005953A5 /* FollowersViewModel.swift in Sources */ = {isa = PBXBuildFile; fileRef = 24E7DF8324C849A8005953A5 /* FollowersViewModel.swift */; };
		24EEB21324C3013D00C96EE2 /* Networking.swift in Sources */ = {isa = PBXBuildFile; fileRef = 24EEB21224C3013D00C96EE2 /* Networking.swift */; };
		24EEB21624C324D300C96EE2 /* GitHubService.swift in Sources */ = {isa = PBXBuildFile; fileRef = 24EEB21524C324D300C96EE2 /* GitHubService.swift */; };
		24EEB21924C3251900C96EE2 /* User.swift in Sources */ = {isa = PBXBuildFile; fileRef = 24EEB21824C3251900C96EE2 /* User.swift */; };
		24EEB21B24C3253600C96EE2 /* Follower.swift in Sources */ = {isa = PBXBuildFile; fileRef = 24EEB21A24C3253600C96EE2 /* Follower.swift */; };
		24FC864124D6CF1600EEE531 /* PersistanceManager.swift in Sources */ = {isa = PBXBuildFile; fileRef = 24FC864024D6CF1600EEE531 /* PersistanceManager.swift */; };
		24FC864324D70D0200EEE531 /* FavoritesViewModel.swift in Sources */ = {isa = PBXBuildFile; fileRef = 24FC864224D70D0200EEE531 /* FavoritesViewModel.swift */; };
		24FC864624D71FD800EEE531 /* FavoritesCell.swift in Sources */ = {isa = PBXBuildFile; fileRef = 24FC864524D71FD800EEE531 /* FavoritesCell.swift */; };
/* End PBXBuildFile section */

/* Begin PBXContainerItemProxy section */
		2481E69D24BB7DB600633A31 /* PBXContainerItemProxy */ = {
			isa = PBXContainerItemProxy;
			containerPortal = 2481E67E24BB7DB100633A31 /* Project object */;
			proxyType = 1;
			remoteGlobalIDString = 2481E68524BB7DB100633A31;
			remoteInfo = GitHubFollowers;
		};
/* End PBXContainerItemProxy section */

/* Begin PBXFileReference section */
		2405627F24CED14B0049236F /* GitHubManagerTests.swift */ = {isa = PBXFileReference; lastKnownFileType = sourcecode.swift; path = GitHubManagerTests.swift; sourceTree = "<group>"; };
		2405628224CF2A070049236F /* UserProfileViewController.swift */ = {isa = PBXFileReference; lastKnownFileType = sourcecode.swift; path = UserProfileViewController.swift; sourceTree = "<group>"; };
		2405628424CF45180049236F /* UserProfileViewModel.swift */ = {isa = PBXFileReference; lastKnownFileType = sourcecode.swift; path = UserProfileViewModel.swift; sourceTree = "<group>"; };
		2413F32E24BF5E080004A856 /* AppFlowViewController.swift */ = {isa = PBXFileReference; lastKnownFileType = sourcecode.swift; path = AppFlowViewController.swift; sourceTree = "<group>"; };
		2413F33324BF5E700004A856 /* UIViewController+Child.swift */ = {isa = PBXFileReference; lastKnownFileType = sourcecode.swift; path = "UIViewController+Child.swift"; sourceTree = "<group>"; };
		2413F33524BF631E0004A856 /* README.md */ = {isa = PBXFileReference; fileEncoding = 4; lastKnownFileType = net.daringfireball.markdown; name = README.md; path = ../README.md; sourceTree = "<group>"; };
		2413F33B24BF78A10004A856 /* SearchViewController.swift */ = {isa = PBXFileReference; lastKnownFileType = sourcecode.swift; path = SearchViewController.swift; sourceTree = "<group>"; };
		2413F33D24BF78B40004A856 /* FavoritesViewController.swift */ = {isa = PBXFileReference; lastKnownFileType = sourcecode.swift; path = FavoritesViewController.swift; sourceTree = "<group>"; };
		242E8CA424D04BEB004DBDFC /* ProfileView.swift */ = {isa = PBXFileReference; lastKnownFileType = sourcecode.swift; path = ProfileView.swift; sourceTree = "<group>"; };
		242E8CA624D05204004DBDFC /* GitHubCardView.swift */ = {isa = PBXFileReference; lastKnownFileType = sourcecode.swift; path = GitHubCardView.swift; sourceTree = "<group>"; };
		242E8CA824D05230004DBDFC /* FollowersCardView.swift */ = {isa = PBXFileReference; lastKnownFileType = sourcecode.swift; path = FollowersCardView.swift; sourceTree = "<group>"; };
		242E8CAA24D092F9004DBDFC /* ProfileViewModel.swift */ = {isa = PBXFileReference; lastKnownFileType = sourcecode.swift; path = ProfileViewModel.swift; sourceTree = "<group>"; };
		244E679924D2BE57009FF2E1 /* CardView.swift */ = {isa = PBXFileReference; lastKnownFileType = sourcecode.swift; path = CardView.swift; sourceTree = "<group>"; };
		244E679B24D344EF009FF2E1 /* GitHubCardViewModel.swift */ = {isa = PBXFileReference; lastKnownFileType = sourcecode.swift; path = GitHubCardViewModel.swift; sourceTree = "<group>"; };
		244E679D24D34D57009FF2E1 /* FollowersCardViewModel.swift */ = {isa = PBXFileReference; lastKnownFileType = sourcecode.swift; path = FollowersCardViewModel.swift; sourceTree = "<group>"; };
		2463AD6724D17FD300DED93A /* ItemInfoView.swift */ = {isa = PBXFileReference; lastKnownFileType = sourcecode.swift; path = ItemInfoView.swift; sourceTree = "<group>"; };
		246515DC24C4498800EA37AA /* GitHubServiceTests.swift */ = {isa = PBXFileReference; lastKnownFileType = sourcecode.swift; path = GitHubServiceTests.swift; sourceTree = "<group>"; };
		2466F5F824D373A600A09003 /* AppStyle.swift */ = {isa = PBXFileReference; lastKnownFileType = sourcecode.swift; path = AppStyle.swift; sourceTree = "<group>"; };
		246BA67324C750F400F1DD08 /* SearchViewModel.swift */ = {isa = PBXFileReference; lastKnownFileType = sourcecode.swift; path = SearchViewModel.swift; sourceTree = "<group>"; };
		246BA67524C7525700F1DD08 /* SearchViewModelTests.swift */ = {isa = PBXFileReference; lastKnownFileType = sourcecode.swift; path = SearchViewModelTests.swift; sourceTree = "<group>"; };
		246BA67724C7639300F1DD08 /* UIViewController+Ext.swift */ = {isa = PBXFileReference; fileEncoding = 4; lastKnownFileType = sourcecode.swift; path = "UIViewController+Ext.swift"; sourceTree = "<group>"; };
		246BA67A24C763CE00F1DD08 /* UIView+Ext.swift */ = {isa = PBXFileReference; fileEncoding = 4; lastKnownFileType = sourcecode.swift; path = "UIView+Ext.swift"; sourceTree = "<group>"; };
		246BA67C24C763FB00F1DD08 /* Constants.swift */ = {isa = PBXFileReference; fileEncoding = 4; lastKnownFileType = sourcecode.swift; path = Constants.swift; sourceTree = "<group>"; };
		247485B924BC787100D6A625 /* CompositionRoot.swift */ = {isa = PBXFileReference; lastKnownFileType = sourcecode.swift; path = CompositionRoot.swift; sourceTree = "<group>"; };
		2477D1BE24D40E2B0025B73C /* FunctionalComposition.swift */ = {isa = PBXFileReference; lastKnownFileType = sourcecode.swift; path = FunctionalComposition.swift; sourceTree = "<group>"; };
		24780EE524C497CB0015AADB /* GitHubManager.swift */ = {isa = PBXFileReference; lastKnownFileType = sourcecode.swift; path = GitHubManager.swift; sourceTree = "<group>"; };
		2481E68624BB7DB100633A31 /* GitHubFollowers.app */ = {isa = PBXFileReference; explicitFileType = wrapper.application; includeInIndex = 0; path = GitHubFollowers.app; sourceTree = BUILT_PRODUCTS_DIR; };
		2481E68924BB7DB100633A31 /* AppDelegate.swift */ = {isa = PBXFileReference; lastKnownFileType = sourcecode.swift; path = AppDelegate.swift; sourceTree = "<group>"; };
		2481E68B24BB7DB100633A31 /* SceneDelegate.swift */ = {isa = PBXFileReference; lastKnownFileType = sourcecode.swift; path = SceneDelegate.swift; sourceTree = "<group>"; };
		2481E68D24BB7DB100633A31 /* ViewController.swift */ = {isa = PBXFileReference; lastKnownFileType = sourcecode.swift; path = ViewController.swift; sourceTree = "<group>"; };
		2481E69224BB7DB500633A31 /* Assets.xcassets */ = {isa = PBXFileReference; lastKnownFileType = folder.assetcatalog; path = Assets.xcassets; sourceTree = "<group>"; };
		2481E69524BB7DB500633A31 /* Base */ = {isa = PBXFileReference; lastKnownFileType = file.storyboard; name = Base; path = Base.lproj/LaunchScreen.storyboard; sourceTree = "<group>"; };
		2481E69724BB7DB500633A31 /* Info.plist */ = {isa = PBXFileReference; lastKnownFileType = text.plist.xml; path = Info.plist; sourceTree = "<group>"; };
		2481E69C24BB7DB600633A31 /* GitHubFollowersTests.xctest */ = {isa = PBXFileReference; explicitFileType = wrapper.cfbundle; includeInIndex = 0; path = GitHubFollowersTests.xctest; sourceTree = BUILT_PRODUCTS_DIR; };
		2481E6A024BB7DB600633A31 /* GitHubFollowersTests.swift */ = {isa = PBXFileReference; lastKnownFileType = sourcecode.swift; path = GitHubFollowersTests.swift; sourceTree = "<group>"; };
		2481E6A224BB7DB600633A31 /* Info.plist */ = {isa = PBXFileReference; lastKnownFileType = text.plist.xml; path = Info.plist; sourceTree = "<group>"; };
		248688D324CF72B500AA1007 /* MockedNetworking.swift */ = {isa = PBXFileReference; lastKnownFileType = sourcecode.swift; path = MockedNetworking.swift; sourceTree = "<group>"; };
		248715F924C7881200366726 /* CustomTextField.swift */ = {isa = PBXFileReference; lastKnownFileType = sourcecode.swift; path = CustomTextField.swift; sourceTree = "<group>"; };
		248715FC24C78B8500366726 /* CustomButton.swift */ = {isa = PBXFileReference; lastKnownFileType = sourcecode.swift; path = CustomButton.swift; sourceTree = "<group>"; };
		248715FF24C7954900366726 /* UITableView+Ext.swift */ = {isa = PBXFileReference; lastKnownFileType = sourcecode.swift; path = "UITableView+Ext.swift"; sourceTree = "<group>"; };
		248AB84424CD8D6300FF2A7B /* UIImageView+Ext.swift */ = {isa = PBXFileReference; lastKnownFileType = sourcecode.swift; path = "UIImageView+Ext.swift"; sourceTree = "<group>"; };
		248AB84724CD92E800FF2A7B /* CachedImageView.swift */ = {isa = PBXFileReference; lastKnownFileType = sourcecode.swift; path = CachedImageView.swift; sourceTree = "<group>"; };
		24958D3C24CB0131000B9786 /* CollectionViewHelper.swift */ = {isa = PBXFileReference; lastKnownFileType = sourcecode.swift; path = CollectionViewHelper.swift; sourceTree = "<group>"; };
		24958D3F24CB028E000B9786 /* FollowerCell.swift */ = {isa = PBXFileReference; lastKnownFileType = sourcecode.swift; path = FollowerCell.swift; sourceTree = "<group>"; };
		249A9D1A24D0D58A00993163 /* FollowersViewModelTests.swift */ = {isa = PBXFileReference; lastKnownFileType = sourcecode.swift; path = FollowersViewModelTests.swift; sourceTree = "<group>"; };
		24CE98E624D84190006BA7B7 /* UICollectionView+Ext.swift */ = {isa = PBXFileReference; lastKnownFileType = sourcecode.swift; path = "UICollectionView+Ext.swift"; sourceTree = "<group>"; };
		24CE98E824D858BB006BA7B7 /* UserProfileViewModelTests.swift */ = {isa = PBXFileReference; lastKnownFileType = sourcecode.swift; path = UserProfileViewModelTests.swift; sourceTree = "<group>"; };
		24D3D98D24D9C03B00570EA6 /* Date+Ext.swift */ = {isa = PBXFileReference; lastKnownFileType = sourcecode.swift; path = "Date+Ext.swift"; sourceTree = "<group>"; };
		24E7DF8124C8270E005953A5 /* FollowersViewController.swift */ = {isa = PBXFileReference; lastKnownFileType = sourcecode.swift; path = FollowersViewController.swift; sourceTree = "<group>"; };
		24E7DF8324C849A8005953A5 /* FollowersViewModel.swift */ = {isa = PBXFileReference; lastKnownFileType = sourcecode.swift; path = FollowersViewModel.swift; sourceTree = "<group>"; };
		24EEB21224C3013D00C96EE2 /* Networking.swift */ = {isa = PBXFileReference; lastKnownFileType = sourcecode.swift; path = Networking.swift; sourceTree = "<group>"; };
		24EEB21524C324D300C96EE2 /* GitHubService.swift */ = {isa = PBXFileReference; lastKnownFileType = sourcecode.swift; path = GitHubService.swift; sourceTree = "<group>"; };
		24EEB21824C3251900C96EE2 /* User.swift */ = {isa = PBXFileReference; lastKnownFileType = sourcecode.swift; path = User.swift; sourceTree = "<group>"; };
		24EEB21A24C3253600C96EE2 /* Follower.swift */ = {isa = PBXFileReference; lastKnownFileType = sourcecode.swift; path = Follower.swift; sourceTree = "<group>"; };
		24FC864024D6CF1600EEE531 /* PersistanceManager.swift */ = {isa = PBXFileReference; lastKnownFileType = sourcecode.swift; path = PersistanceManager.swift; sourceTree = "<group>"; };
		24FC864224D70D0200EEE531 /* FavoritesViewModel.swift */ = {isa = PBXFileReference; lastKnownFileType = sourcecode.swift; path = FavoritesViewModel.swift; sourceTree = "<group>"; };
		24FC864524D71FD800EEE531 /* FavoritesCell.swift */ = {isa = PBXFileReference; lastKnownFileType = sourcecode.swift; path = FavoritesCell.swift; sourceTree = "<group>"; };
/* End PBXFileReference section */

/* Begin PBXFrameworksBuildPhase section */
		2481E68324BB7DB100633A31 /* Frameworks */ = {
			isa = PBXFrameworksBuildPhase;
			buildActionMask = 2147483647;
			files = (
			);
			runOnlyForDeploymentPostprocessing = 0;
		};
		2481E69924BB7DB600633A31 /* Frameworks */ = {
			isa = PBXFrameworksBuildPhase;
			buildActionMask = 2147483647;
			files = (
			);
			runOnlyForDeploymentPostprocessing = 0;
		};
/* End PBXFrameworksBuildPhase section */

/* Begin PBXGroup section */
		2405627E24CED1210049236F /* Managers */ = {
			isa = PBXGroup;
			children = (
				2405627F24CED14B0049236F /* GitHubManagerTests.swift */,
			);
			path = Managers;
			sourceTree = "<group>";
		};
		2405628124CF229C0049236F /* UserProfile */ = {
			isa = PBXGroup;
			children = (
				242E8CA324D04BD1004DBDFC /* Views */,
				2405628224CF2A070049236F /* UserProfileViewController.swift */,
				2405628424CF45180049236F /* UserProfileViewModel.swift */,
			);
			path = UserProfile;
			sourceTree = "<group>";
		};
		2413F32C24BF5DE70004A856 /* Flow */ = {
			isa = PBXGroup;
			children = (
				2413F32D24BF5DF10004A856 /* AppFlow */,
			);
			path = Flow;
			sourceTree = "<group>";
		};
		2413F32D24BF5DF10004A856 /* AppFlow */ = {
			isa = PBXGroup;
			children = (
				2413F32E24BF5E080004A856 /* AppFlowViewController.swift */,
			);
			path = AppFlow;
			sourceTree = "<group>";
		};
		2413F33024BF5E410004A856 /* Utils */ = {
			isa = PBXGroup;
			children = (
				2477D1BD24D40E030025B73C /* Functional */,
				246BA67C24C763FB00F1DD08 /* Constants.swift */,
				2413F33124BF5E480004A856 /* Extensions */,
			);
			path = Utils;
			sourceTree = "<group>";
		};
		2413F33124BF5E480004A856 /* Extensions */ = {
			isa = PBXGroup;
			children = (
				24D3D98C24D9C02700570EA6 /* Date */,
				24CE98E524D83FE0006BA7B7 /* UICollectionView */,
				248AB84324CD8D4300FF2A7B /* UIImageView */,
				248715FE24C7952F00366726 /* UITableView */,
				246BA67924C763CE00F1DD08 /* UIView */,
				2413F33224BF5E580004A856 /* UIViewController */,
			);
			path = Extensions;
			sourceTree = "<group>";
		};
		2413F33224BF5E580004A856 /* UIViewController */ = {
			isa = PBXGroup;
			children = (
				246BA67724C7639300F1DD08 /* UIViewController+Ext.swift */,
				2413F33324BF5E700004A856 /* UIViewController+Child.swift */,
			);
			path = UIViewController;
			sourceTree = "<group>";
		};
		2413F33724BF74890004A856 /* Scenes */ = {
			isa = PBXGroup;
			children = (
				2405628124CF229C0049236F /* UserProfile */,
				24E7DF8024C8268B005953A5 /* Followers */,
				2413F33A24BF78890004A856 /* Favorites */,
				2413F33824BF78630004A856 /* Search */,
			);
			path = Scenes;
			sourceTree = "<group>";
		};
		2413F33824BF78630004A856 /* Search */ = {
			isa = PBXGroup;
			children = (
				2413F33B24BF78A10004A856 /* SearchViewController.swift */,
				246BA67324C750F400F1DD08 /* SearchViewModel.swift */,
			);
			path = Search;
			sourceTree = "<group>";
		};
		2413F33A24BF78890004A856 /* Favorites */ = {
			isa = PBXGroup;
			children = (
				24FC864424D71FBC00EEE531 /* Cells */,
				2413F33D24BF78B40004A856 /* FavoritesViewController.swift */,
				24FC864224D70D0200EEE531 /* FavoritesViewModel.swift */,
			);
			path = Favorites;
			sourceTree = "<group>";
		};
		242E8CA324D04BD1004DBDFC /* Views */ = {
			isa = PBXGroup;
			children = (
				2463AD6624D17FB400DED93A /* Components */,
				242E8CA424D04BEB004DBDFC /* ProfileView.swift */,
				242E8CAA24D092F9004DBDFC /* ProfileViewModel.swift */,
				242E8CA624D05204004DBDFC /* GitHubCardView.swift */,
				244E679B24D344EF009FF2E1 /* GitHubCardViewModel.swift */,
				242E8CA824D05230004DBDFC /* FollowersCardView.swift */,
				244E679D24D34D57009FF2E1 /* FollowersCardViewModel.swift */,
			);
			path = Views;
			sourceTree = "<group>";
		};
		2463AD6624D17FB400DED93A /* Components */ = {
			isa = PBXGroup;
			children = (
				2463AD6724D17FD300DED93A /* ItemInfoView.swift */,
				244E679924D2BE57009FF2E1 /* CardView.swift */,
			);
			path = Components;
			sourceTree = "<group>";
		};
		246515DB24C4495900EA37AA /* Networking */ = {
			isa = PBXGroup;
			children = (
				246515DC24C4498800EA37AA /* GitHubServiceTests.swift */,
			);
			path = Networking;
			sourceTree = "<group>";
		};
		246515DE24C44D4700EA37AA /* Custom Views */ = {
			isa = PBXGroup;
			children = (
				248AB84624CD92CE00FF2A7B /* ImageViews */,
				24958D3B24CB00ED000B9786 /* CollectionViews */,
				248715FB24C78B6500366726 /* Buttons */,
				248715F824C787F800366726 /* TextFields */,
			);
			path = "Custom Views";
			sourceTree = "<group>";
		};
		2466F5F724D3738F00A09003 /* Styling */ = {
			isa = PBXGroup;
			children = (
				2466F5F824D373A600A09003 /* AppStyle.swift */,
			);
			path = Styling;
			sourceTree = "<group>";
		};
		246BA67924C763CE00F1DD08 /* UIView */ = {
			isa = PBXGroup;
			children = (
				246BA67A24C763CE00F1DD08 /* UIView+Ext.swift */,
			);
			path = UIView;
			sourceTree = "<group>";
		};
		247485B824BC785300D6A625 /* Composition */ = {
			isa = PBXGroup;
			children = (
				247485B924BC787100D6A625 /* CompositionRoot.swift */,
			);
			path = Composition;
			sourceTree = "<group>";
		};
		2477D1BD24D40E030025B73C /* Functional */ = {
			isa = PBXGroup;
			children = (
				2477D1BE24D40E2B0025B73C /* FunctionalComposition.swift */,
			);
			path = Functional;
			sourceTree = "<group>";
		};
		24780EE424C497810015AADB /* Managers */ = {
			isa = PBXGroup;
			children = (
				24780EE524C497CB0015AADB /* GitHubManager.swift */,
				24FC864024D6CF1600EEE531 /* PersistanceManager.swift */,
			);
			path = Managers;
			sourceTree = "<group>";
		};
		2481E67D24BB7DB100633A31 = {
			isa = PBXGroup;
			children = (
				2413F33524BF631E0004A856 /* README.md */,
				2481E68824BB7DB100633A31 /* GitHubFollowers */,
				2481E69F24BB7DB600633A31 /* GitHubFollowersTests */,
				2481E68724BB7DB100633A31 /* Products */,
			);
			sourceTree = "<group>";
		};
		2481E68724BB7DB100633A31 /* Products */ = {
			isa = PBXGroup;
			children = (
				2481E68624BB7DB100633A31 /* GitHubFollowers.app */,
				2481E69C24BB7DB600633A31 /* GitHubFollowersTests.xctest */,
			);
			name = Products;
			sourceTree = "<group>";
		};
		2481E68824BB7DB100633A31 /* GitHubFollowers */ = {
			isa = PBXGroup;
			children = (
				2466F5F724D3738F00A09003 /* Styling */,
				2413F33024BF5E410004A856 /* Utils */,
				24EEB21724C324FE00C96EE2 /* Model */,
				24EEB21124C3010B00C96EE2 /* Networking */,
				24780EE424C497810015AADB /* Managers */,
				2413F33724BF74890004A856 /* Scenes */,
				246515DE24C44D4700EA37AA /* Custom Views */,
				2413F32C24BF5DE70004A856 /* Flow */,
				247485B824BC785300D6A625 /* Composition */,
				2481E68924BB7DB100633A31 /* AppDelegate.swift */,
				2481E68B24BB7DB100633A31 /* SceneDelegate.swift */,
				2481E68D24BB7DB100633A31 /* ViewController.swift */,
				2481E69224BB7DB500633A31 /* Assets.xcassets */,
				2481E69424BB7DB500633A31 /* LaunchScreen.storyboard */,
				2481E69724BB7DB500633A31 /* Info.plist */,
			);
			path = GitHubFollowers;
			sourceTree = "<group>";
		};
		2481E69F24BB7DB600633A31 /* GitHubFollowersTests */ = {
			isa = PBXGroup;
			children = (
				249A9D1924D0D55400993163 /* Scenes */,
				2405627E24CED1210049236F /* Managers */,
				246515DB24C4495900EA37AA /* Networking */,
				2481E6A024BB7DB600633A31 /* GitHubFollowersTests.swift */,
				2481E6A224BB7DB600633A31 /* Info.plist */,
			);
			path = GitHubFollowersTests;
			sourceTree = "<group>";
		};
		248688D224CF728100AA1007 /* Mocking */ = {
			isa = PBXGroup;
			children = (
				248688D324CF72B500AA1007 /* MockedNetworking.swift */,
			);
			path = Mocking;
			sourceTree = "<group>";
		};
		248715F824C787F800366726 /* TextFields */ = {
			isa = PBXGroup;
			children = (
				248715F924C7881200366726 /* CustomTextField.swift */,
			);
			path = TextFields;
			sourceTree = "<group>";
		};
		248715FB24C78B6500366726 /* Buttons */ = {
			isa = PBXGroup;
			children = (
				248715FC24C78B8500366726 /* CustomButton.swift */,
			);
			path = Buttons;
			sourceTree = "<group>";
		};
		248715FE24C7952F00366726 /* UITableView */ = {
			isa = PBXGroup;
			children = (
				248715FF24C7954900366726 /* UITableView+Ext.swift */,
			);
			path = UITableView;
			sourceTree = "<group>";
		};
		248AB84324CD8D4300FF2A7B /* UIImageView */ = {
			isa = PBXGroup;
			children = (
				248AB84424CD8D6300FF2A7B /* UIImageView+Ext.swift */,
			);
			path = UIImageView;
			sourceTree = "<group>";
		};
		248AB84624CD92CE00FF2A7B /* ImageViews */ = {
			isa = PBXGroup;
			children = (
				248AB84724CD92E800FF2A7B /* CachedImageView.swift */,
			);
			path = ImageViews;
			sourceTree = "<group>";
		};
		24958D3B24CB00ED000B9786 /* CollectionViews */ = {
			isa = PBXGroup;
			children = (
				24958D3C24CB0131000B9786 /* CollectionViewHelper.swift */,
			);
			path = CollectionViews;
			sourceTree = "<group>";
		};
		24958D3E24CB01E6000B9786 /* Cells */ = {
			isa = PBXGroup;
			children = (
				24958D3F24CB028E000B9786 /* FollowerCell.swift */,
			);
			path = Cells;
			sourceTree = "<group>";
		};
		249A9D1924D0D55400993163 /* Scenes */ = {
			isa = PBXGroup;
			children = (
				246BA67524C7525700F1DD08 /* SearchViewModelTests.swift */,
				249A9D1A24D0D58A00993163 /* FollowersViewModelTests.swift */,
				24CE98E824D858BB006BA7B7 /* UserProfileViewModelTests.swift */,
			);
			path = Scenes;
			sourceTree = "<group>";
		};
		24CE98E524D83FE0006BA7B7 /* UICollectionView */ = {
			isa = PBXGroup;
			children = (
				24CE98E624D84190006BA7B7 /* UICollectionView+Ext.swift */,
			);
			path = UICollectionView;
			sourceTree = "<group>";
		};
		24D3D98C24D9C02700570EA6 /* Date */ = {
			isa = PBXGroup;
			children = (
				24D3D98D24D9C03B00570EA6 /* Date+Ext.swift */,
			);
			path = Date;
			sourceTree = "<group>";
		};
		24E7DF8024C8268B005953A5 /* Followers */ = {
			isa = PBXGroup;
			children = (
				24958D3E24CB01E6000B9786 /* Cells */,
				24E7DF8124C8270E005953A5 /* FollowersViewController.swift */,
				24E7DF8324C849A8005953A5 /* FollowersViewModel.swift */,
			);
			path = Followers;
			sourceTree = "<group>";
		};
		24EEB21124C3010B00C96EE2 /* Networking */ = {
			isa = PBXGroup;
			children = (
				248688D224CF728100AA1007 /* Mocking */,
				24EEB21224C3013D00C96EE2 /* Networking.swift */,
				24EEB21524C324D300C96EE2 /* GitHubService.swift */,
			);
			path = Networking;
			sourceTree = "<group>";
		};
		24EEB21724C324FE00C96EE2 /* Model */ = {
			isa = PBXGroup;
			children = (
				24EEB21824C3251900C96EE2 /* User.swift */,
				24EEB21A24C3253600C96EE2 /* Follower.swift */,
			);
			path = Model;
			sourceTree = "<group>";
		};
		24FC864424D71FBC00EEE531 /* Cells */ = {
			isa = PBXGroup;
			children = (
				24FC864524D71FD800EEE531 /* FavoritesCell.swift */,
			);
			path = Cells;
			sourceTree = "<group>";
		};
/* End PBXGroup section */

/* Begin PBXNativeTarget section */
		2481E68524BB7DB100633A31 /* GitHubFollowers */ = {
			isa = PBXNativeTarget;
			buildConfigurationList = 2481E6A524BB7DB600633A31 /* Build configuration list for PBXNativeTarget "GitHubFollowers" */;
			buildPhases = (
				2481E68224BB7DB100633A31 /* Sources */,
				2481E68324BB7DB100633A31 /* Frameworks */,
				2481E68424BB7DB100633A31 /* Resources */,
			);
			buildRules = (
			);
			dependencies = (
			);
			name = GitHubFollowers;
			productName = GitHubFollowers;
			productReference = 2481E68624BB7DB100633A31 /* GitHubFollowers.app */;
			productType = "com.apple.product-type.application";
		};
		2481E69B24BB7DB600633A31 /* GitHubFollowersTests */ = {
			isa = PBXNativeTarget;
			buildConfigurationList = 2481E6A824BB7DB600633A31 /* Build configuration list for PBXNativeTarget "GitHubFollowersTests" */;
			buildPhases = (
				2481E69824BB7DB600633A31 /* Sources */,
				2481E69924BB7DB600633A31 /* Frameworks */,
				2481E69A24BB7DB600633A31 /* Resources */,
			);
			buildRules = (
			);
			dependencies = (
				2481E69E24BB7DB600633A31 /* PBXTargetDependency */,
			);
			name = GitHubFollowersTests;
			productName = GitHubFollowersTests;
			productReference = 2481E69C24BB7DB600633A31 /* GitHubFollowersTests.xctest */;
			productType = "com.apple.product-type.bundle.unit-test";
		};
/* End PBXNativeTarget section */

/* Begin PBXProject section */
		2481E67E24BB7DB100633A31 /* Project object */ = {
			isa = PBXProject;
			attributes = {
				LastSwiftUpdateCheck = 1150;
				LastUpgradeCheck = 1150;
				ORGANIZATIONNAME = "Christian Slanzi";
				TargetAttributes = {
					2481E68524BB7DB100633A31 = {
						CreatedOnToolsVersion = 11.5;
					};
					2481E69B24BB7DB600633A31 = {
						CreatedOnToolsVersion = 11.5;
						TestTargetID = 2481E68524BB7DB100633A31;
					};
				};
			};
			buildConfigurationList = 2481E68124BB7DB100633A31 /* Build configuration list for PBXProject "GitHubFollowers" */;
			compatibilityVersion = "Xcode 9.3";
			developmentRegion = en;
			hasScannedForEncodings = 0;
			knownRegions = (
				en,
				Base,
			);
			mainGroup = 2481E67D24BB7DB100633A31;
			productRefGroup = 2481E68724BB7DB100633A31 /* Products */;
			projectDirPath = "";
			projectRoot = "";
			targets = (
				2481E68524BB7DB100633A31 /* GitHubFollowers */,
				2481E69B24BB7DB600633A31 /* GitHubFollowersTests */,
			);
		};
/* End PBXProject section */

/* Begin PBXResourcesBuildPhase section */
		2481E68424BB7DB100633A31 /* Resources */ = {
			isa = PBXResourcesBuildPhase;
			buildActionMask = 2147483647;
			files = (
				2413F33624BF631E0004A856 /* README.md in Resources */,
				2481E69624BB7DB500633A31 /* LaunchScreen.storyboard in Resources */,
				2481E69324BB7DB500633A31 /* Assets.xcassets in Resources */,
			);
			runOnlyForDeploymentPostprocessing = 0;
		};
		2481E69A24BB7DB600633A31 /* Resources */ = {
			isa = PBXResourcesBuildPhase;
			buildActionMask = 2147483647;
			files = (
			);
			runOnlyForDeploymentPostprocessing = 0;
		};
/* End PBXResourcesBuildPhase section */

/* Begin PBXSourcesBuildPhase section */
		2481E68224BB7DB100633A31 /* Sources */ = {
			isa = PBXSourcesBuildPhase;
			buildActionMask = 2147483647;
			files = (
				246BA67B24C763CE00F1DD08 /* UIView+Ext.swift in Sources */,
				248715FD24C78B8500366726 /* CustomButton.swift in Sources */,
				246BA67D24C763FB00F1DD08 /* Constants.swift in Sources */,
				24EEB21624C324D300C96EE2 /* GitHubService.swift in Sources */,
				242E8CA924D05230004DBDFC /* FollowersCardView.swift in Sources */,
				242E8CA724D05204004DBDFC /* GitHubCardView.swift in Sources */,
				247485BA24BC787100D6A625 /* CompositionRoot.swift in Sources */,
				246BA67824C7639300F1DD08 /* UIViewController+Ext.swift in Sources */,
				2413F33C24BF78A10004A856 /* SearchViewController.swift in Sources */,
				2413F33E24BF78B40004A856 /* FavoritesViewController.swift in Sources */,
				2477D1BF24D40E2B0025B73C /* FunctionalComposition.swift in Sources */,
				24EEB21324C3013D00C96EE2 /* Networking.swift in Sources */,
				24E7DF8224C8270E005953A5 /* FollowersViewController.swift in Sources */,
				248715FA24C7881200366726 /* CustomTextField.swift in Sources */,
				244E679C24D344EF009FF2E1 /* GitHubCardViewModel.swift in Sources */,
				24FC864324D70D0200EEE531 /* FavoritesViewModel.swift in Sources */,
				24FC864124D6CF1600EEE531 /* PersistanceManager.swift in Sources */,
				2413F32F24BF5E080004A856 /* AppFlowViewController.swift in Sources */,
				244E679A24D2BE57009FF2E1 /* CardView.swift in Sources */,
				248688D424CF72B500AA1007 /* MockedNetworking.swift in Sources */,
				2481E68E24BB7DB100633A31 /* ViewController.swift in Sources */,
				24EEB21B24C3253600C96EE2 /* Follower.swift in Sources */,
				244E679E24D34D57009FF2E1 /* FollowersCardViewModel.swift in Sources */,
				2463AD6824D17FD300DED93A /* ItemInfoView.swift in Sources */,
				2466F5F924D373A600A09003 /* AppStyle.swift in Sources */,
				24CE98E724D84190006BA7B7 /* UICollectionView+Ext.swift in Sources */,
				246BA67424C750F400F1DD08 /* SearchViewModel.swift in Sources */,
				242E8CAB24D092F9004DBDFC /* ProfileViewModel.swift in Sources */,
				2481E68A24BB7DB100633A31 /* AppDelegate.swift in Sources */,
				2405628324CF2A070049236F /* UserProfileViewController.swift in Sources */,
				24FC864624D71FD800EEE531 /* FavoritesCell.swift in Sources */,
				2405628524CF45180049236F /* UserProfileViewModel.swift in Sources */,
				248AB84524CD8D6300FF2A7B /* UIImageView+Ext.swift in Sources */,
				24780EE624C497CB0015AADB /* GitHubManager.swift in Sources */,
				2481E68C24BB7DB100633A31 /* SceneDelegate.swift in Sources */,
				242E8CA524D04BEB004DBDFC /* ProfileView.swift in Sources */,
				2487160024C7954900366726 /* UITableView+Ext.swift in Sources */,
				2413F33424BF5E700004A856 /* UIViewController+Child.swift in Sources */,
				24E7DF8424C849A8005953A5 /* FollowersViewModel.swift in Sources */,
				24D3D98E24D9C03B00570EA6 /* Date+Ext.swift in Sources */,
				248AB84824CD92E800FF2A7B /* CachedImageView.swift in Sources */,
				24EEB21924C3251900C96EE2 /* User.swift in Sources */,
				24958D3D24CB0131000B9786 /* CollectionViewHelper.swift in Sources */,
				24958D4024CB028E000B9786 /* FollowerCell.swift in Sources */,
			);
			runOnlyForDeploymentPostprocessing = 0;
		};
		2481E69824BB7DB600633A31 /* Sources */ = {
			isa = PBXSourcesBuildPhase;
			buildActionMask = 2147483647;
			files = (
				2405628024CED14B0049236F /* GitHubManagerTests.swift in Sources */,
				246515DD24C4498800EA37AA /* GitHubServiceTests.swift in Sources */,
				2481E6A124BB7DB600633A31 /* GitHubFollowersTests.swift in Sources */,
				24CE98E924D858BB006BA7B7 /* UserProfileViewModelTests.swift in Sources */,
				246BA67624C7525700F1DD08 /* SearchViewModelTests.swift in Sources */,
				249A9D1B24D0D58A00993163 /* FollowersViewModelTests.swift in Sources */,
			);
			runOnlyForDeploymentPostprocessing = 0;
		};
/* End PBXSourcesBuildPhase section */

/* Begin PBXTargetDependency section */
		2481E69E24BB7DB600633A31 /* PBXTargetDependency */ = {
			isa = PBXTargetDependency;
			target = 2481E68524BB7DB100633A31 /* GitHubFollowers */;
			targetProxy = 2481E69D24BB7DB600633A31 /* PBXContainerItemProxy */;
		};
/* End PBXTargetDependency section */

/* Begin PBXVariantGroup section */
		2481E69424BB7DB500633A31 /* LaunchScreen.storyboard */ = {
			isa = PBXVariantGroup;
			children = (
				2481E69524BB7DB500633A31 /* Base */,
			);
			name = LaunchScreen.storyboard;
			sourceTree = "<group>";
		};
/* End PBXVariantGroup section */

/* Begin XCBuildConfiguration section */
		2481E6A324BB7DB600633A31 /* Debug */ = {
			isa = XCBuildConfiguration;
			buildSettings = {
				ALWAYS_SEARCH_USER_PATHS = NO;
				CLANG_ANALYZER_NONNULL = YES;
				CLANG_ANALYZER_NUMBER_OBJECT_CONVERSION = YES_AGGRESSIVE;
				CLANG_CXX_LANGUAGE_STANDARD = "gnu++14";
				CLANG_CXX_LIBRARY = "libc++";
				CLANG_ENABLE_MODULES = YES;
				CLANG_ENABLE_OBJC_ARC = YES;
				CLANG_ENABLE_OBJC_WEAK = YES;
				CLANG_WARN_BLOCK_CAPTURE_AUTORELEASING = YES;
				CLANG_WARN_BOOL_CONVERSION = YES;
				CLANG_WARN_COMMA = YES;
				CLANG_WARN_CONSTANT_CONVERSION = YES;
				CLANG_WARN_DEPRECATED_OBJC_IMPLEMENTATIONS = YES;
				CLANG_WARN_DIRECT_OBJC_ISA_USAGE = YES_ERROR;
				CLANG_WARN_DOCUMENTATION_COMMENTS = YES;
				CLANG_WARN_EMPTY_BODY = YES;
				CLANG_WARN_ENUM_CONVERSION = YES;
				CLANG_WARN_INFINITE_RECURSION = YES;
				CLANG_WARN_INT_CONVERSION = YES;
				CLANG_WARN_NON_LITERAL_NULL_CONVERSION = YES;
				CLANG_WARN_OBJC_IMPLICIT_RETAIN_SELF = YES;
				CLANG_WARN_OBJC_LITERAL_CONVERSION = YES;
				CLANG_WARN_OBJC_ROOT_CLASS = YES_ERROR;
				CLANG_WARN_RANGE_LOOP_ANALYSIS = YES;
				CLANG_WARN_STRICT_PROTOTYPES = YES;
				CLANG_WARN_SUSPICIOUS_MOVE = YES;
				CLANG_WARN_UNGUARDED_AVAILABILITY = YES_AGGRESSIVE;
				CLANG_WARN_UNREACHABLE_CODE = YES;
				CLANG_WARN__DUPLICATE_METHOD_MATCH = YES;
				COPY_PHASE_STRIP = NO;
				DEBUG_INFORMATION_FORMAT = dwarf;
				ENABLE_STRICT_OBJC_MSGSEND = YES;
				ENABLE_TESTABILITY = YES;
				GCC_C_LANGUAGE_STANDARD = gnu11;
				GCC_DYNAMIC_NO_PIC = NO;
				GCC_NO_COMMON_BLOCKS = YES;
				GCC_OPTIMIZATION_LEVEL = 0;
				GCC_PREPROCESSOR_DEFINITIONS = (
					"DEBUG=1",
					"$(inherited)",
				);
				GCC_WARN_64_TO_32_BIT_CONVERSION = YES;
				GCC_WARN_ABOUT_RETURN_TYPE = YES_ERROR;
				GCC_WARN_UNDECLARED_SELECTOR = YES;
				GCC_WARN_UNINITIALIZED_AUTOS = YES_AGGRESSIVE;
				GCC_WARN_UNUSED_FUNCTION = YES;
				GCC_WARN_UNUSED_VARIABLE = YES;
				IPHONEOS_DEPLOYMENT_TARGET = 13.5;
				MTL_ENABLE_DEBUG_INFO = INCLUDE_SOURCE;
				MTL_FAST_MATH = YES;
				ONLY_ACTIVE_ARCH = YES;
				SDKROOT = iphoneos;
				SWIFT_ACTIVE_COMPILATION_CONDITIONS = DEBUG;
				SWIFT_OPTIMIZATION_LEVEL = "-Onone";
			};
			name = Debug;
		};
		2481E6A424BB7DB600633A31 /* Release */ = {
			isa = XCBuildConfiguration;
			buildSettings = {
				ALWAYS_SEARCH_USER_PATHS = NO;
				CLANG_ANALYZER_NONNULL = YES;
				CLANG_ANALYZER_NUMBER_OBJECT_CONVERSION = YES_AGGRESSIVE;
				CLANG_CXX_LANGUAGE_STANDARD = "gnu++14";
				CLANG_CXX_LIBRARY = "libc++";
				CLANG_ENABLE_MODULES = YES;
				CLANG_ENABLE_OBJC_ARC = YES;
				CLANG_ENABLE_OBJC_WEAK = YES;
				CLANG_WARN_BLOCK_CAPTURE_AUTORELEASING = YES;
				CLANG_WARN_BOOL_CONVERSION = YES;
				CLANG_WARN_COMMA = YES;
				CLANG_WARN_CONSTANT_CONVERSION = YES;
				CLANG_WARN_DEPRECATED_OBJC_IMPLEMENTATIONS = YES;
				CLANG_WARN_DIRECT_OBJC_ISA_USAGE = YES_ERROR;
				CLANG_WARN_DOCUMENTATION_COMMENTS = YES;
				CLANG_WARN_EMPTY_BODY = YES;
				CLANG_WARN_ENUM_CONVERSION = YES;
				CLANG_WARN_INFINITE_RECURSION = YES;
				CLANG_WARN_INT_CONVERSION = YES;
				CLANG_WARN_NON_LITERAL_NULL_CONVERSION = YES;
				CLANG_WARN_OBJC_IMPLICIT_RETAIN_SELF = YES;
				CLANG_WARN_OBJC_LITERAL_CONVERSION = YES;
				CLANG_WARN_OBJC_ROOT_CLASS = YES_ERROR;
				CLANG_WARN_RANGE_LOOP_ANALYSIS = YES;
				CLANG_WARN_STRICT_PROTOTYPES = YES;
				CLANG_WARN_SUSPICIOUS_MOVE = YES;
				CLANG_WARN_UNGUARDED_AVAILABILITY = YES_AGGRESSIVE;
				CLANG_WARN_UNREACHABLE_CODE = YES;
				CLANG_WARN__DUPLICATE_METHOD_MATCH = YES;
				COPY_PHASE_STRIP = NO;
				DEBUG_INFORMATION_FORMAT = "dwarf-with-dsym";
				ENABLE_NS_ASSERTIONS = NO;
				ENABLE_STRICT_OBJC_MSGSEND = YES;
				GCC_C_LANGUAGE_STANDARD = gnu11;
				GCC_NO_COMMON_BLOCKS = YES;
				GCC_WARN_64_TO_32_BIT_CONVERSION = YES;
				GCC_WARN_ABOUT_RETURN_TYPE = YES_ERROR;
				GCC_WARN_UNDECLARED_SELECTOR = YES;
				GCC_WARN_UNINITIALIZED_AUTOS = YES_AGGRESSIVE;
				GCC_WARN_UNUSED_FUNCTION = YES;
				GCC_WARN_UNUSED_VARIABLE = YES;
				IPHONEOS_DEPLOYMENT_TARGET = 13.5;
				MTL_ENABLE_DEBUG_INFO = NO;
				MTL_FAST_MATH = YES;
				SDKROOT = iphoneos;
				SWIFT_COMPILATION_MODE = wholemodule;
				SWIFT_OPTIMIZATION_LEVEL = "-O";
				VALIDATE_PRODUCT = YES;
			};
			name = Release;
		};
		2481E6A624BB7DB600633A31 /* Debug */ = {
			isa = XCBuildConfiguration;
			buildSettings = {
				ASSETCATALOG_COMPILER_APPICON_NAME = AppIcon;
				CODE_SIGN_STYLE = Automatic;
				DEVELOPMENT_TEAM = 8495WNP42U;
				INFOPLIST_FILE = GitHubFollowers/Info.plist;
				LD_RUNPATH_SEARCH_PATHS = (
					"$(inherited)",
					"@executable_path/Frameworks",
				);
				PRODUCT_BUNDLE_IDENTIFIER = de.test.GitHubFollowers;
				PRODUCT_NAME = "$(TARGET_NAME)";
				SWIFT_VERSION = 5.0;
				TARGETED_DEVICE_FAMILY = "1,2";
			};
			name = Debug;
		};
		2481E6A724BB7DB600633A31 /* Release */ = {
			isa = XCBuildConfiguration;
			buildSettings = {
				ASSETCATALOG_COMPILER_APPICON_NAME = AppIcon;
				CODE_SIGN_STYLE = Automatic;
				DEVELOPMENT_TEAM = 8495WNP42U;
				INFOPLIST_FILE = GitHubFollowers/Info.plist;
				LD_RUNPATH_SEARCH_PATHS = (
					"$(inherited)",
					"@executable_path/Frameworks",
				);
				PRODUCT_BUNDLE_IDENTIFIER = de.test.GitHubFollowers;
				PRODUCT_NAME = "$(TARGET_NAME)";
				SWIFT_VERSION = 5.0;
				TARGETED_DEVICE_FAMILY = "1,2";
			};
			name = Release;
		};
		2481E6A924BB7DB600633A31 /* Debug */ = {
			isa = XCBuildConfiguration;
			buildSettings = {
				ALWAYS_EMBED_SWIFT_STANDARD_LIBRARIES = YES;
				BUNDLE_LOADER = "$(TEST_HOST)";
				CODE_SIGN_STYLE = Automatic;
				DEVELOPMENT_TEAM = 8495WNP42U;
				INFOPLIST_FILE = GitHubFollowersTests/Info.plist;
				IPHONEOS_DEPLOYMENT_TARGET = 13.5;
				LD_RUNPATH_SEARCH_PATHS = (
					"$(inherited)",
					"@executable_path/Frameworks",
					"@loader_path/Frameworks",
				);
				PRODUCT_BUNDLE_IDENTIFIER = de.test.GitHubFollowersTests;
				PRODUCT_NAME = "$(TARGET_NAME)";
				SWIFT_VERSION = 5.0;
				TARGETED_DEVICE_FAMILY = "1,2";
				TEST_HOST = "$(BUILT_PRODUCTS_DIR)/GitHubFollowers.app/GitHubFollowers";
			};
			name = Debug;
		};
		2481E6AA24BB7DB600633A31 /* Release */ = {
			isa = XCBuildConfiguration;
			buildSettings = {
				ALWAYS_EMBED_SWIFT_STANDARD_LIBRARIES = YES;
				BUNDLE_LOADER = "$(TEST_HOST)";
				CODE_SIGN_STYLE = Automatic;
				DEVELOPMENT_TEAM = 8495WNP42U;
				INFOPLIST_FILE = GitHubFollowersTests/Info.plist;
				IPHONEOS_DEPLOYMENT_TARGET = 13.5;
				LD_RUNPATH_SEARCH_PATHS = (
					"$(inherited)",
					"@executable_path/Frameworks",
					"@loader_path/Frameworks",
				);
				PRODUCT_BUNDLE_IDENTIFIER = de.test.GitHubFollowersTests;
				PRODUCT_NAME = "$(TARGET_NAME)";
				SWIFT_VERSION = 5.0;
				TARGETED_DEVICE_FAMILY = "1,2";
				TEST_HOST = "$(BUILT_PRODUCTS_DIR)/GitHubFollowers.app/GitHubFollowers";
			};
			name = Release;
		};
/* End XCBuildConfiguration section */

/* Begin XCConfigurationList section */
		2481E68124BB7DB100633A31 /* Build configuration list for PBXProject "GitHubFollowers" */ = {
			isa = XCConfigurationList;
			buildConfigurations = (
				2481E6A324BB7DB600633A31 /* Debug */,
				2481E6A424BB7DB600633A31 /* Release */,
			);
			defaultConfigurationIsVisible = 0;
			defaultConfigurationName = Release;
		};
		2481E6A524BB7DB600633A31 /* Build configuration list for PBXNativeTarget "GitHubFollowers" */ = {
			isa = XCConfigurationList;
			buildConfigurations = (
				2481E6A624BB7DB600633A31 /* Debug */,
				2481E6A724BB7DB600633A31 /* Release */,
			);
			defaultConfigurationIsVisible = 0;
			defaultConfigurationName = Release;
		};
		2481E6A824BB7DB600633A31 /* Build configuration list for PBXNativeTarget "GitHubFollowersTests" */ = {
			isa = XCConfigurationList;
			buildConfigurations = (
				2481E6A924BB7DB600633A31 /* Debug */,
				2481E6AA24BB7DB600633A31 /* Release */,
			);
			defaultConfigurationIsVisible = 0;
			defaultConfigurationName = Release;
		};
/* End XCConfigurationList section */
	};
	rootObject = 2481E67E24BB7DB100633A31 /* Project object */;
}
